
Microsoft Visual Studio Solution File, Format Version 12.00
# Visual Studio Version 17
VisualStudioVersion = 17.14.36429.23 d17.14
MinimumVisualStudioVersion = 10.0.40219.1
Project("{FAE04EC0-301F-11D3-BF4B-00C04F79EFBC}") = "konversi", "konversi.csproj", "{B4D27C88-6BD1-4215-99C6-08007A5D43B7}"
EndProject
Global
	GlobalSection(SolutionConfigurationPlatforms) = preSolution
		Debug|Any CPU = Debug|Any CPU
		Release|Any CPU = Release|Any CPU
	EndGlobalSection
	GlobalSection(ProjectConfigurationPlatforms) = postSolution
		{B4D27C88-6BD1-4215-99C6-08007A5D43B7}.Debug|Any CPU.ActiveCfg = Debug|Any CPU
		{B4D27C88-6BD1-4215-99C6-08007A5D43B7}.Debug|Any CPU.Build.0 = Debug|Any CPU
		{B4D27C88-6BD1-4215-99C6-08007A5D43B7}.Release|Any CPU.ActiveCfg = Release|Any CPU
		{B4D27C88-6BD1-4215-99C6-08007A5D43B7}.Release|Any CPU.Build.0 = Release|Any CPU
	EndGlobalSection
	GlobalSection(SolutionProperties) = preSolution
		HideSolutionNode = FALSE
	EndGlobalSection
	GlobalSection(ExtensibilityGlobals) = postSolution
		SolutionGuid = {A77B1FD7-29D2-49C5-9415-A45BDCC782B5}
	EndGlobalSection
EndGlobal
